<?xml version="1.0" encoding="utf-8"?>
<Project ToolsVersion="4.0" xmlns="http://schemas.microsoft.com/developer/msbuild/2003">
  <ItemGroup>
    <Filter Include="Source Files">
      <UniqueIdentifier>{4FC737F1-C7A5-4376-A066-2A32D752A2FF}</UniqueIdentifier>
      <Extensions>cpp;c;cc;cxx;c++;cppm;ixx;def;odl;idl;hpj;bat;asm;asmx</Extensions>
    </Filter>
    <Filter Include="Header Files">
      <UniqueIdentifier>{93995380-89BD-4b04-88EB-625FBE52EBFB}</UniqueIdentifier>
      <Extensions>h;hh;hpp;hxx;h++;hm;inl;inc;ipp;xsd</Extensions>
    </Filter>
    <Filter Include="Resource Files">
      <UniqueIdentifier>{67DA6AB6-F800-4c08-8B7A-83BB121AAD01}</UniqueIdentifier>
      <Extensions>rc;ico;cur;bmp;dlg;rc2;rct;bin;rgs;gif;jpg;jpeg;jpe;resx;tiff;tif;png;wav;mfcribbon-ms</Extensions>
    </Filter>
    <Filter Include="Header Files\Regex">
      <UniqueIdentifier>{04cc9304-9c3e-42c1-98be-7870dcc1dcbb}</UniqueIdentifier>
    </Filter>
    <Filter Include="Header Files\Regex\Parser">
      <UniqueIdentifier>{72a9e2d1-eb58-4aca-8d9d-8c04abe18d73}</UniqueIdentifier>
    </Filter>
  </ItemGroup>
  <ItemGroup>
    <ClCompile Include="main.cpp">
      <Filter>Source Files</Filter>
    </ClCompile>
  </ItemGroup>
  <ItemGroup>
    <Text Include="code.txt">
      <Filter>Source Files</Filter>
    </Text>
    <Text Include="Grammer.txt">
      <Filter>Header Files\Regex</Filter>
    </Text>
    <Text Include="exceptions.txt">
      <Filter>Header Files\Regex</Filter>
    </Text>
  </ItemGroup>
  <ItemGroup>
    <ClInclude Include="resource.h">
      <Filter>Header Files</Filter>
    </ClInclude>
    <ClInclude Include="noRegex.h">
      <Filter>Header Files</Filter>
    </ClInclude>
    <ClInclude Include="Tokenizer.h">
      <Filter>Header Files\Regex</Filter>
    </ClInclude>
    <ClInclude Include="Parser.h">
      <Filter>Header Files\Regex\Parser</Filter>
    </ClInclude>
    <ClInclude Include="ParseDeclare.h">
      <Filter>Header Files\Regex\Parser</Filter>
    </ClInclude>
    <ClInclude Include="ParseFunction.h">
      <Filter>Header Files\Regex\Parser</Filter>
    </ClInclude>
    <ClInclude Include="ParseObject.h">
      <Filter>Header Files\Regex\Parser</Filter>
    </ClInclude>
    <ClInclude Include="ParseStatement.h">
      <Filter>Header Files\Regex\Parser</Filter>
    </ClInclude>
  </ItemGroup>
  <ItemGroup>
    <ResourceCompile Include="Compiler.rc">
      <Filter>Resource Files</Filter>
    </ResourceCompile>
  </ItemGroup>
</Project>